// !$*UTF8*$!
{
	archiveVersion = 1;
	classes = {
	};
	objectVersion = 56;
	objects = {

/* Begin PBXBuildFile section */
		885CFD122C21793200377EEE /* Reminders_Clone_LBTAApp.swift in Sources */ = {isa = PBXBuildFile; fileRef = 885CFD112C21793200377EEE /* Reminders_Clone_LBTAApp.swift */; };
		885CFD162C21793300377EEE /* Assets.xcassets in Resources */ = {isa = PBXBuildFile; fileRef = 885CFD152C21793300377EEE /* Assets.xcassets */; };
		885CFD192C21793300377EEE /* Preview Assets.xcassets in Resources */ = {isa = PBXBuildFile; fileRef = 885CFD182C21793300377EEE /* Preview Assets.xcassets */; };
		885CFD212C2179C500377EEE /* MyListsView.swift in Sources */ = {isa = PBXBuildFile; fileRef = 885CFD202C2179C500377EEE /* MyListsView.swift */; };
		885CFD232C217B4300377EEE /* AddMyListView.swift in Sources */ = {isa = PBXBuildFile; fileRef = 885CFD222C217B4300377EEE /* AddMyListView.swift */; };
		885CFD262C217C5300377EEE /* ColorPickerView.swift in Sources */ = {isa = PBXBuildFile; fileRef = 885CFD252C217C5200377EEE /* ColorPickerView.swift */; };
		885CFD292C2185F300377EEE /* MyListModel.swift in Sources */ = {isa = PBXBuildFile; fileRef = 885CFD282C2185F300377EEE /* MyListModel.swift */; };
		885CFD2B2C2186A700377EEE /* PreviewContainer.swift in Sources */ = {isa = PBXBuildFile; fileRef = 885CFD2A2C2186A700377EEE /* PreviewContainer.swift */; };
		885CFD2E2C218B2300377EEE /* Ext+Color.swift in Sources */ = {isa = PBXBuildFile; fileRef = 885CFD2D2C218B2300377EEE /* Ext+Color.swift */; };
/* End PBXBuildFile section */

/* Begin PBXFileReference section */
		885CFD0E2C21793200377EEE /* Reminders_Clone_LBTA.app */ = {isa = PBXFileReference; explicitFileType = wrapper.application; includeInIndex = 0; path = Reminders_Clone_LBTA.app; sourceTree = BUILT_PRODUCTS_DIR; };
		885CFD112C21793200377EEE /* Reminders_Clone_LBTAApp.swift */ = {isa = PBXFileReference; lastKnownFileType = sourcecode.swift; path = Reminders_Clone_LBTAApp.swift; sourceTree = "<group>"; };
		885CFD152C21793300377EEE /* Assets.xcassets */ = {isa = PBXFileReference; lastKnownFileType = folder.assetcatalog; path = Assets.xcassets; sourceTree = "<group>"; };
		885CFD182C21793300377EEE /* Preview Assets.xcassets */ = {isa = PBXFileReference; lastKnownFileType = folder.assetcatalog; path = "Preview Assets.xcassets"; sourceTree = "<group>"; };
		885CFD202C2179C500377EEE /* MyListsView.swift */ = {isa = PBXFileReference; lastKnownFileType = sourcecode.swift; path = MyListsView.swift; sourceTree = "<group>"; };
		885CFD222C217B4300377EEE /* AddMyListView.swift */ = {isa = PBXFileReference; lastKnownFileType = sourcecode.swift; path = AddMyListView.swift; sourceTree = "<group>"; };
		885CFD252C217C5200377EEE /* ColorPickerView.swift */ = {isa = PBXFileReference; lastKnownFileType = sourcecode.swift; path = ColorPickerView.swift; sourceTree = "<group>"; };
		885CFD282C2185F300377EEE /* MyListModel.swift */ = {isa = PBXFileReference; lastKnownFileType = sourcecode.swift; path = MyListModel.swift; sourceTree = "<group>"; };
		885CFD2A2C2186A700377EEE /* PreviewContainer.swift */ = {isa = PBXFileReference; lastKnownFileType = sourcecode.swift; path = PreviewContainer.swift; sourceTree = "<group>"; };
		885CFD2D2C218B2300377EEE /* Ext+Color.swift */ = {isa = PBXFileReference; lastKnownFileType = sourcecode.swift; path = "Ext+Color.swift"; sourceTree = "<group>"; };
/* End PBXFileReference section */

/* Begin PBXFrameworksBuildPhase section */
		885CFD0B2C21793200377EEE /* Frameworks */ = {
			isa = PBXFrameworksBuildPhase;
			buildActionMask = 2147483647;
			files = (
			);
			runOnlyForDeploymentPostprocessing = 0;
		};
/* End PBXFrameworksBuildPhase section */

/* Begin PBXGroup section */
		885CFD052C21793200377EEE = {
			isa = PBXGroup;
			children = (
				885CFD102C21793200377EEE /* Reminders_Clone_LBTA */,
				885CFD0F2C21793200377EEE /* Products */,
			);
			sourceTree = "<group>";
		};
		885CFD0F2C21793200377EEE /* Products */ = {
			isa = PBXGroup;
			children = (
				885CFD0E2C21793200377EEE /* Reminders_Clone_LBTA.app */,
			);
			name = Products;
			sourceTree = "<group>";
		};
		885CFD102C21793200377EEE /* Reminders_Clone_LBTA */ = {
			isa = PBXGroup;
			children = (
				885CFD112C21793200377EEE /* Reminders_Clone_LBTAApp.swift */,
				885CFD2C2C218B0F00377EEE /* Extensionts */,
				885CFD272C2185E200377EEE /* Models */,
				885CFD242C217C1C00377EEE /* SubViews */,
				885CFD1F2C2179AC00377EEE /* Views */,
				885CFD152C21793300377EEE /* Assets.xcassets */,
				885CFD172C21793300377EEE /* Preview Content */,
			);
			path = Reminders_Clone_LBTA;
			sourceTree = "<group>";
		};
		885CFD172C21793300377EEE /* Preview Content */ = {
			isa = PBXGroup;
			children = (
				885CFD182C21793300377EEE /* Preview Assets.xcassets */,
				885CFD2A2C2186A700377EEE /* PreviewContainer.swift */,
			);
			path = "Preview Content";
			sourceTree = "<group>";
		};
		885CFD1F2C2179AC00377EEE /* Views */ = {
			isa = PBXGroup;
			children = (
				885CFD202C2179C500377EEE /* MyListsView.swift */,
				885CFD222C217B4300377EEE /* AddMyListView.swift */,
			);
			path = Views;
			sourceTree = "<group>";
		};
		885CFD242C217C1C00377EEE /* SubViews */ = {
			isa = PBXGroup;
			children = (
				885CFD252C217C5200377EEE /* ColorPickerView.swift */,
			);
			path = SubViews;
			sourceTree = "<group>";
		};
		885CFD272C2185E200377EEE /* Models */ = {
			isa = PBXGroup;
			children = (
				885CFD282C2185F300377EEE /* MyListModel.swift */,
			);
			path = Models;
			sourceTree = "<group>";
		};
		885CFD2C2C218B0F00377EEE /* Extensionts */ = {
			isa = PBXGroup;
			children = (
				885CFD2D2C218B2300377EEE /* Ext+Color.swift */,
			);
			path = Extensionts;
			sourceTree = "<group>";
		};
/* End PBXGroup section */

/* Begin PBXNativeTarget section */
		885CFD0D2C21793200377EEE /* Reminders_Clone_LBTA */ = {
			isa = PBXNativeTarget;
			buildConfigurationList = 885CFD1C2C21793300377EEE /* Build configuration list for PBXNativeTarget "Reminders_Clone_LBTA" */;
			buildPhases = (
				885CFD0A2C21793200377EEE /* Sources */,
				885CFD0B2C21793200377EEE /* Frameworks */,
				885CFD0C2C21793200377EEE /* Resources */,
			);
			buildRules = (
			);
			dependencies = (
			);
			name = Reminders_Clone_LBTA;
			productName = Reminders_Clone_LBTA;
			productReference = 885CFD0E2C21793200377EEE /* Reminders_Clone_LBTA.app */;
			productType = "com.apple.product-type.application";
		};
/* End PBXNativeTarget section */

/* Begin PBXProject section */
		885CFD062C21793200377EEE /* Project object */ = {
			isa = PBXProject;
			attributes = {
				BuildIndependentTargetsInParallel = 1;
				LastSwiftUpdateCheck = 1540;
				LastUpgradeCheck = 1540;
				TargetAttributes = {
					885CFD0D2C21793200377EEE = {
						CreatedOnToolsVersion = 15.4;
					};
				};
			};
			buildConfigurationList = 885CFD092C21793200377EEE /* Build configuration list for PBXProject "Reminders_Clone_LBTA" */;
			compatibilityVersion = "Xcode 14.0";
			developmentRegion = en;
			hasScannedForEncodings = 0;
			knownRegions = (
				en,
				Base,
			);
			mainGroup = 885CFD052C21793200377EEE;
			productRefGroup = 885CFD0F2C21793200377EEE /* Products */;
			projectDirPath = "";
			projectRoot = "";
			targets = (
				885CFD0D2C21793200377EEE /* Reminders_Clone_LBTA */,
			);
		};
/* End PBXProject section */

/* Begin PBXResourcesBuildPhase section */
		885CFD0C2C21793200377EEE /* Resources */ = {
			isa = PBXResourcesBuildPhase;
			buildActionMask = 2147483647;
			files = (
				885CFD192C21793300377EEE /* Preview Assets.xcassets in Resources */,
				885CFD162C21793300377EEE /* Assets.xcassets in Resources */,
			);
			runOnlyForDeploymentPostprocessing = 0;
		};
/* End PBXResourcesBuildPhase section */

/* Begin PBXSourcesBuildPhase section */
		885CFD0A2C21793200377EEE /* Sources */ = {
			isa = PBXSourcesBuildPhase;
			buildActionMask = 2147483647;
			files = (
				885CFD2B2C2186A700377EEE /* PreviewContainer.swift in Sources */,
				885CFD262C217C5300377EEE /* ColorPickerView.swift in Sources */,
				885CFD292C2185F300377EEE /* MyListModel.swift in Sources */,
				885CFD2E2C218B2300377EEE /* Ext+Color.swift in Sources */,
				885CFD122C21793200377EEE /* Reminders_Clone_LBTAApp.swift in Sources */,
				885CFD232C217B4300377EEE /* AddMyListView.swift in Sources */,
				885CFD212C2179C500377EEE /* MyListsView.swift in Sources */,
			);
			runOnlyForDeploymentPostprocessing = 0;
		};
/* End PBXSourcesBuildPhase section */

/* Begin XCBuildConfiguration section */
		885CFD1A2C21793300377EEE /* Debug */ = {
			isa = XCBuildConfiguration;
			buildSettings = {
				ALWAYS_SEARCH_USER_PATHS = NO;
				ASSETCATALOG_COMPILER_GENERATE_SWIFT_ASSET_SYMBOL_EXTENSIONS = YES;
				CLANG_ANALYZER_NONNULL = YES;
				CLANG_ANALYZER_NUMBER_OBJECT_CONVERSION = YES_AGGRESSIVE;
				CLANG_CXX_LANGUAGE_STANDARD = "gnu++20";
				CLANG_ENABLE_MODULES = YES;
				CLANG_ENABLE_OBJC_ARC = YES;
				CLANG_ENABLE_OBJC_WEAK = YES;
				CLANG_WARN_BLOCK_CAPTURE_AUTORELEASING = YES;
				CLANG_WARN_BOOL_CONVERSION = YES;
				CLANG_WARN_COMMA = YES;
				CLANG_WARN_CONSTANT_CONVERSION = YES;
				CLANG_WARN_DEPRECATED_OBJC_IMPLEMENTATIONS = YES;
				CLANG_WARN_DIRECT_OBJC_ISA_USAGE = YES_ERROR;
				CLANG_WARN_DOCUMENTATION_COMMENTS = YES;
				CLANG_WARN_EMPTY_BODY = YES;
				CLANG_WARN_ENUM_CONVERSION = YES;
				CLANG_WARN_INFINITE_RECURSION = YES;
				CLANG_WARN_INT_CONVERSION = YES;
				CLANG_WARN_NON_LITERAL_NULL_CONVERSION = YES;
				CLANG_WARN_OBJC_IMPLICIT_RETAIN_SELF = YES;
				CLANG_WARN_OBJC_LITERAL_CONVERSION = YES;
				CLANG_WARN_OBJC_ROOT_CLASS = YES_ERROR;
				CLANG_WARN_QUOTED_INCLUDE_IN_FRAMEWORK_HEADER = YES;
				CLANG_WARN_RANGE_LOOP_ANALYSIS = YES;
				CLANG_WARN_STRICT_PROTOTYPES = YES;
				CLANG_WARN_SUSPICIOUS_MOVE = YES;
				CLANG_WARN_UNGUARDED_AVAILABILITY = YES_AGGRESSIVE;
				CLANG_WARN_UNREACHABLE_CODE = YES;
				CLANG_WARN__DUPLICATE_METHOD_MATCH = YES;
				COPY_PHASE_STRIP = NO;
				DEBUG_INFORMATION_FORMAT = dwarf;
				ENABLE_STRICT_OBJC_MSGSEND = YES;
				ENABLE_TESTABILITY = YES;
				ENABLE_USER_SCRIPT_SANDBOXING = YES;
				GCC_C_LANGUAGE_STANDARD = gnu17;
				GCC_DYNAMIC_NO_PIC = NO;
				GCC_NO_COMMON_BLOCKS = YES;
				GCC_OPTIMIZATION_LEVEL = 0;
				GCC_PREPROCESSOR_DEFINITIONS = (
					"DEBUG=1",
					"$(inherited)",
				);
				GCC_WARN_64_TO_32_BIT_CONVERSION = YES;
				GCC_WARN_ABOUT_RETURN_TYPE = YES_ERROR;
				GCC_WARN_UNDECLARED_SELECTOR = YES;
				GCC_WARN_UNINITIALIZED_AUTOS = YES_AGGRESSIVE;
				GCC_WARN_UNUSED_FUNCTION = YES;
				GCC_WARN_UNUSED_VARIABLE = YES;
				IPHONEOS_DEPLOYMENT_TARGET = 17.5;
				LOCALIZATION_PREFERS_STRING_CATALOGS = YES;
				MTL_ENABLE_DEBUG_INFO = INCLUDE_SOURCE;
				MTL_FAST_MATH = YES;
				ONLY_ACTIVE_ARCH = YES;
				SDKROOT = iphoneos;
				SWIFT_ACTIVE_COMPILATION_CONDITIONS = "DEBUG $(inherited)";
				SWIFT_OPTIMIZATION_LEVEL = "-Onone";
			};
			name = Debug;
		};
		885CFD1B2C21793300377EEE /* Release */ = {
			isa = XCBuildConfiguration;
			buildSettings = {
				ALWAYS_SEARCH_USER_PATHS = NO;
				ASSETCATALOG_COMPILER_GENERATE_SWIFT_ASSET_SYMBOL_EXTENSIONS = YES;
				CLANG_ANALYZER_NONNULL = YES;
				CLANG_ANALYZER_NUMBER_OBJECT_CONVERSION = YES_AGGRESSIVE;
				CLANG_CXX_LANGUAGE_STANDARD = "gnu++20";
				CLANG_ENABLE_MODULES = YES;
				CLANG_ENABLE_OBJC_ARC = YES;
				CLANG_ENABLE_OBJC_WEAK = YES;
				CLANG_WARN_BLOCK_CAPTURE_AUTORELEASING = YES;
				CLANG_WARN_BOOL_CONVERSION = YES;
				CLANG_WARN_COMMA = YES;
				CLANG_WARN_CONSTANT_CONVERSION = YES;
				CLANG_WARN_DEPRECATED_OBJC_IMPLEMENTATIONS = YES;
				CLANG_WARN_DIRECT_OBJC_ISA_USAGE = YES_ERROR;
				CLANG_WARN_DOCUMENTATION_COMMENTS = YES;
				CLANG_WARN_EMPTY_BODY = YES;
				CLANG_WARN_ENUM_CONVERSION = YES;
				CLANG_WARN_INFINITE_RECURSION = YES;
				CLANG_WARN_INT_CONVERSION = YES;
				CLANG_WARN_NON_LITERAL_NULL_CONVERSION = YES;
				CLANG_WARN_OBJC_IMPLICIT_RETAIN_SELF = YES;
				CLANG_WARN_OBJC_LITERAL_CONVERSION = YES;
				CLANG_WARN_OBJC_ROOT_CLASS = YES_ERROR;
				CLANG_WARN_QUOTED_INCLUDE_IN_FRAMEWORK_HEADER = YES;
				CLANG_WARN_RANGE_LOOP_ANALYSIS = YES;
				CLANG_WARN_STRICT_PROTOTYPES = YES;
				CLANG_WARN_SUSPICIOUS_MOVE = YES;
				CLANG_WARN_UNGUARDED_AVAILABILITY = YES_AGGRESSIVE;
				CLANG_WARN_UNREACHABLE_CODE = YES;
				CLANG_WARN__DUPLICATE_METHOD_MATCH = YES;
				COPY_PHASE_STRIP = NO;
				DEBUG_INFORMATION_FORMAT = "dwarf-with-dsym";
				ENABLE_NS_ASSERTIONS = NO;
				ENABLE_STRICT_OBJC_MSGSEND = YES;
				ENABLE_USER_SCRIPT_SANDBOXING = YES;
				GCC_C_LANGUAGE_STANDARD = gnu17;
				GCC_NO_COMMON_BLOCKS = YES;
				GCC_WARN_64_TO_32_BIT_CONVERSION = YES;
				GCC_WARN_ABOUT_RETURN_TYPE = YES_ERROR;
				GCC_WARN_UNDECLARED_SELECTOR = YES;
				GCC_WARN_UNINITIALIZED_AUTOS = YES_AGGRESSIVE;
				GCC_WARN_UNUSED_FUNCTION = YES;
				GCC_WARN_UNUSED_VARIABLE = YES;
				IPHONEOS_DEPLOYMENT_TARGET = 17.5;
				LOCALIZATION_PREFERS_STRING_CATALOGS = YES;
				MTL_ENABLE_DEBUG_INFO = NO;
				MTL_FAST_MATH = YES;
				SDKROOT = iphoneos;
				SWIFT_COMPILATION_MODE = wholemodule;
				VALIDATE_PRODUCT = YES;
			};
			name = Release;
		};
		885CFD1D2C21793300377EEE /* Debug */ = {
			isa = XCBuildConfiguration;
			buildSettings = {
				ASSETCATALOG_COMPILER_APPICON_NAME = AppIcon;
				ASSETCATALOG_COMPILER_GLOBAL_ACCENT_COLOR_NAME = AccentColor;
				CODE_SIGN_STYLE = Automatic;
				CURRENT_PROJECT_VERSION = 1;
				DEVELOPMENT_ASSET_PATHS = "\"Reminders_Clone_LBTA/Preview Content\"";
				DEVELOPMENT_TEAM = R4XB56HC9M;
				ENABLE_PREVIEWS = YES;
				GENERATE_INFOPLIST_FILE = YES;
				INFOPLIST_KEY_UIApplicationSceneManifest_Generation = YES;
				INFOPLIST_KEY_UIApplicationSupportsIndirectInputEvents = YES;
				INFOPLIST_KEY_UILaunchScreen_Generation = YES;
				INFOPLIST_KEY_UISupportedInterfaceOrientations_iPad = "UIInterfaceOrientationPortrait UIInterfaceOrientationPortraitUpsideDown UIInterfaceOrientationLandscapeLeft UIInterfaceOrientationLandscapeRight";
				INFOPLIST_KEY_UISupportedInterfaceOrientations_iPhone = "UIInterfaceOrientationPortrait UIInterfaceOrientationLandscapeLeft UIInterfaceOrientationLandscapeRight";
				LD_RUNPATH_SEARCH_PATHS = (
					"$(inherited)",
					"@executable_path/Frameworks",
				);
				MARKETING_VERSION = 1.0;
				PRODUCT_BUNDLE_IDENTIFIER = "iMakca.Reminders-Clone-LBTA";
				PRODUCT_NAME = "$(TARGET_NAME)";
				SWIFT_EMIT_LOC_STRINGS = YES;
				SWIFT_VERSION = 5.0;
				TARGETED_DEVICE_FAMILY = "1,2";
			};
			name = Debug;
		};
		885CFD1E2C21793300377EEE /* Release */ = {
			isa = XCBuildConfiguration;
			buildSettings = {
				ASSETCATALOG_COMPILER_APPICON_NAME = AppIcon;
				ASSETCATALOG_COMPILER_GLOBAL_ACCENT_COLOR_NAME = AccentColor;
				CODE_SIGN_STYLE = Automatic;
				CURRENT_PROJECT_VERSION = 1;
				DEVELOPMENT_ASSET_PATHS = "\"Reminders_Clone_LBTA/Preview Content\"";
				DEVELOPMENT_TEAM = R4XB56HC9M;
				ENABLE_PREVIEWS = YES;
				GENERATE_INFOPLIST_FILE = YES;
				INFOPLIST_KEY_UIApplicationSceneManifest_Generation = YES;
				INFOPLIST_KEY_UIApplicationSupportsIndirectInputEvents = YES;
				INFOPLIST_KEY_UILaunchScreen_Generation = YES;
				INFOPLIST_KEY_UISupportedInterfaceOrientations_iPad = "UIInterfaceOrientationPortrait UIInterfaceOrientationPortraitUpsideDown UIInterfaceOrientationLandscapeLeft UIInterfaceOrientationLandscapeRight";
				INFOPLIST_KEY_UISupportedInterfaceOrientations_iPhone = "UIInterfaceOrientationPortrait UIInterfaceOrientationLandscapeLeft UIInterfaceOrientationLandscapeRight";
				LD_RUNPATH_SEARCH_PATHS = (
					"$(inherited)",
					"@executable_path/Frameworks",
				);
				MARKETING_VERSION = 1.0;
				PRODUCT_BUNDLE_IDENTIFIER = "iMakca.Reminders-Clone-LBTA";
				PRODUCT_NAME = "$(TARGET_NAME)";
				SWIFT_EMIT_LOC_STRINGS = YES;
				SWIFT_VERSION = 5.0;
				TARGETED_DEVICE_FAMILY = "1,2";
			};
			name = Release;
		};
/* End XCBuildConfiguration section */

/* Begin XCConfigurationList section */
		885CFD092C21793200377EEE /* Build configuration list for PBXProject "Reminders_Clone_LBTA" */ = {
			isa = XCConfigurationList;
			buildConfigurations = (
				885CFD1A2C21793300377EEE /* Debug */,
				885CFD1B2C21793300377EEE /* Release */,
			);
			defaultConfigurationIsVisible = 0;
			defaultConfigurationName = Release;
		};
		885CFD1C2C21793300377EEE /* Build configuration list for PBXNativeTarget "Reminders_Clone_LBTA" */ = {
			isa = XCConfigurationList;
			buildConfigurations = (
				885CFD1D2C21793300377EEE /* Debug */,
				885CFD1E2C21793300377EEE /* Release */,
			);
			defaultConfigurationIsVisible = 0;
			defaultConfigurationName = Release;
		};
/* End XCConfigurationList section */
	};
	rootObject = 885CFD062C21793200377EEE /* Project object */;
}
